// !$*UTF8*$!
{
	archiveVersion = 1;
	classes = {
	};
	objectVersion = 50;
	objects = {

/* Begin PBXBuildFile section */
		42D9CF7F261B9FBF00E4435A /* AppDelegate.swift in Sources */ = {isa = PBXBuildFile; fileRef = 42D9CF7E261B9FBF00E4435A /* AppDelegate.swift */; };
		42D9CF81261B9FBF00E4435A /* SceneDelegate.swift in Sources */ = {isa = PBXBuildFile; fileRef = 42D9CF80261B9FBF00E4435A /* SceneDelegate.swift */; };
		42D9CF86261B9FBF00E4435A /* Main.storyboard in Resources */ = {isa = PBXBuildFile; fileRef = 42D9CF84261B9FBF00E4435A /* Main.storyboard */; };
		42D9CF89261B9FBF00E4435A /* MovieList.xcdatamodeld in Sources */ = {isa = PBXBuildFile; fileRef = 42D9CF87261B9FBF00E4435A /* MovieList.xcdatamodeld */; };
		42D9CF8B261B9FC100E4435A /* Assets.xcassets in Resources */ = {isa = PBXBuildFile; fileRef = 42D9CF8A261B9FC100E4435A /* Assets.xcassets */; };
		42D9CF8E261B9FC100E4435A /* LaunchScreen.storyboard in Resources */ = {isa = PBXBuildFile; fileRef = 42D9CF8C261B9FC100E4435A /* LaunchScreen.storyboard */; };
		42D9CFA6261BA73400E4435A /* ToastView.swift in Sources */ = {isa = PBXBuildFile; fileRef = 42D9CFA5261BA73400E4435A /* ToastView.swift */; };
		42D9CFAA261BA7CE00E4435A /* Reachability.swift in Sources */ = {isa = PBXBuildFile; fileRef = 42D9CFA9261BA7CE00E4435A /* Reachability.swift */; };
		42D9CFB6261BA9DA00E4435A /* MovieListModel.swift in Sources */ = {isa = PBXBuildFile; fileRef = 42D9CFB5261BA9DA00E4435A /* MovieListModel.swift */; };
		42D9CFB9261BAA4200E4435A /* MovieListVC.swift in Sources */ = {isa = PBXBuildFile; fileRef = 42D9CFB8261BAA4200E4435A /* MovieListVC.swift */; };
		42D9CFBC261BAA6C00E4435A /* MovieListViewModel.swift in Sources */ = {isa = PBXBuildFile; fileRef = 42D9CFBB261BAA6C00E4435A /* MovieListViewModel.swift */; };
		42E4AC72261C4398003BADBC /* MovieListCell.swift in Sources */ = {isa = PBXBuildFile; fileRef = 42E4AC70261C4398003BADBC /* MovieListCell.swift */; };
		42E4AC73261C4398003BADBC /* MovieListCell.xib in Resources */ = {isa = PBXBuildFile; fileRef = 42E4AC71261C4398003BADBC /* MovieListCell.xib */; };
		42E4AC76261C7E97003BADBC /* MovieListVCExtension.swift in Sources */ = {isa = PBXBuildFile; fileRef = 42E4AC75261C7E97003BADBC /* MovieListVCExtension.swift */; };
/* End PBXBuildFile section */

/* Begin PBXFileReference section */
		42D9CF7B261B9FBF00E4435A /* MovieList.app */ = {isa = PBXFileReference; explicitFileType = wrapper.application; includeInIndex = 0; path = MovieList.app; sourceTree = BUILT_PRODUCTS_DIR; };
		42D9CF7E261B9FBF00E4435A /* AppDelegate.swift */ = {isa = PBXFileReference; lastKnownFileType = sourcecode.swift; path = AppDelegate.swift; sourceTree = "<group>"; };
		42D9CF80261B9FBF00E4435A /* SceneDelegate.swift */ = {isa = PBXFileReference; lastKnownFileType = sourcecode.swift; path = SceneDelegate.swift; sourceTree = "<group>"; };
		42D9CF85261B9FBF00E4435A /* Base */ = {isa = PBXFileReference; lastKnownFileType = file.storyboard; name = Base; path = Base.lproj/Main.storyboard; sourceTree = "<group>"; };
		42D9CF88261B9FBF00E4435A /* MovieList.xcdatamodel */ = {isa = PBXFileReference; lastKnownFileType = wrapper.xcdatamodel; path = MovieList.xcdatamodel; sourceTree = "<group>"; };
		42D9CF8A261B9FC100E4435A /* Assets.xcassets */ = {isa = PBXFileReference; lastKnownFileType = folder.assetcatalog; path = Assets.xcassets; sourceTree = "<group>"; };
		42D9CF8D261B9FC100E4435A /* Base */ = {isa = PBXFileReference; lastKnownFileType = file.storyboard; name = Base; path = Base.lproj/LaunchScreen.storyboard; sourceTree = "<group>"; };
		42D9CF8F261B9FC100E4435A /* Info.plist */ = {isa = PBXFileReference; lastKnownFileType = text.plist.xml; path = Info.plist; sourceTree = "<group>"; };
		42D9CFA5261BA73400E4435A /* ToastView.swift */ = {isa = PBXFileReference; fileEncoding = 4; lastKnownFileType = sourcecode.swift; path = ToastView.swift; sourceTree = "<group>"; };
		42D9CFA9261BA7CE00E4435A /* Reachability.swift */ = {isa = PBXFileReference; fileEncoding = 4; lastKnownFileType = sourcecode.swift; path = Reachability.swift; sourceTree = "<group>"; };
		42D9CFB5261BA9DA00E4435A /* MovieListModel.swift */ = {isa = PBXFileReference; lastKnownFileType = sourcecode.swift; path = MovieListModel.swift; sourceTree = "<group>"; };
		42D9CFB8261BAA4200E4435A /* MovieListVC.swift */ = {isa = PBXFileReference; lastKnownFileType = sourcecode.swift; path = MovieListVC.swift; sourceTree = "<group>"; };
		42D9CFBB261BAA6C00E4435A /* MovieListViewModel.swift */ = {isa = PBXFileReference; lastKnownFileType = sourcecode.swift; path = MovieListViewModel.swift; sourceTree = "<group>"; };
		42E4AC70261C4398003BADBC /* MovieListCell.swift */ = {isa = PBXFileReference; lastKnownFileType = sourcecode.swift; path = MovieListCell.swift; sourceTree = "<group>"; };
		42E4AC71261C4398003BADBC /* MovieListCell.xib */ = {isa = PBXFileReference; lastKnownFileType = file.xib; path = MovieListCell.xib; sourceTree = "<group>"; };
		42E4AC75261C7E97003BADBC /* MovieListVCExtension.swift */ = {isa = PBXFileReference; lastKnownFileType = sourcecode.swift; path = MovieListVCExtension.swift; sourceTree = "<group>"; };
/* End PBXFileReference section */

/* Begin PBXFrameworksBuildPhase section */
		42D9CF78261B9FBF00E4435A /* Frameworks */ = {
			isa = PBXFrameworksBuildPhase;
			buildActionMask = 2147483647;
			files = (
			);
			runOnlyForDeploymentPostprocessing = 0;
		};
/* End PBXFrameworksBuildPhase section */

/* Begin PBXGroup section */
		42D9CF72261B9FBF00E4435A = {
			isa = PBXGroup;
			children = (
				42D9CF7D261B9FBF00E4435A /* MovieList */,
				42D9CF7C261B9FBF00E4435A /* Products */,
			);
			sourceTree = "<group>";
		};
		42D9CF7C261B9FBF00E4435A /* Products */ = {
			isa = PBXGroup;
			children = (
				42D9CF7B261B9FBF00E4435A /* MovieList.app */,
			);
			name = Products;
			sourceTree = "<group>";
		};
		42D9CF7D261B9FBF00E4435A /* MovieList */ = {
			isa = PBXGroup;
			children = (
				42D9CF9A261BA0FB00E4435A /* Common */,
				42D9CF99261BA0AD00E4435A /* Domain */,
				42D9CF96261BA07C00E4435A /* Presentation */,
				42D9CF7E261B9FBF00E4435A /* AppDelegate.swift */,
				42D9CF80261B9FBF00E4435A /* SceneDelegate.swift */,
				42D9CF84261B9FBF00E4435A /* Main.storyboard */,
				42D9CF8A261B9FC100E4435A /* Assets.xcassets */,
				42D9CF8C261B9FC100E4435A /* LaunchScreen.storyboard */,
				42D9CF8F261B9FC100E4435A /* Info.plist */,
				42D9CF87261B9FBF00E4435A /* MovieList.xcdatamodeld */,
			);
			path = MovieList;
			sourceTree = "<group>";
		};
		42D9CF96261BA07C00E4435A /* Presentation */ = {
			isa = PBXGroup;
			children = (
				42D9CF98261BA09000E4435A /* ViewModels */,
				42D9CF97261BA08700E4435A /* Views */,
			);
			path = Presentation;
			sourceTree = "<group>";
		};
		42D9CF97261BA08700E4435A /* Views */ = {
			isa = PBXGroup;
			children = (
				42D9CFBE261BAA7100E4435A /* MovieList */,
			);
			path = Views;
			sourceTree = "<group>";
		};
		42D9CF98261BA09000E4435A /* ViewModels */ = {
			isa = PBXGroup;
			children = (
				42D9CFBB261BAA6C00E4435A /* MovieListViewModel.swift */,
			);
			path = ViewModels;
			sourceTree = "<group>";
		};
		42D9CF99261BA0AD00E4435A /* Domain */ = {
			isa = PBXGroup;
			children = (
				42D9CF9C261BA11300E4435A /* Models */,
			);
			path = Domain;
			sourceTree = "<group>";
		};
		42D9CF9A261BA0FB00E4435A /* Common */ = {
			isa = PBXGroup;
			children = (
				42D9CF9B261BA10C00E4435A /* Utility */,
			);
			path = Common;
			sourceTree = "<group>";
		};
		42D9CF9B261BA10C00E4435A /* Utility */ = {
			isa = PBXGroup;
			children = (
				42D9CFA9261BA7CE00E4435A /* Reachability.swift */,
				42D9CFA5261BA73400E4435A /* ToastView.swift */,
			);
			path = Utility;
			sourceTree = "<group>";
		};
		42D9CF9C261BA11300E4435A /* Models */ = {
			isa = PBXGroup;
			children = (
				42D9CFB5261BA9DA00E4435A /* MovieListModel.swift */,
			);
			path = Models;
			sourceTree = "<group>";
		};
		42D9CFBE261BAA7100E4435A /* MovieList */ = {
			isa = PBXGroup;
			children = (
				42D9CFBF261BAA8C00E4435A /* MovieListVCExtension */,
				42D9CFC0261BAAA300E4435A /* Cell */,
				42D9CFB8261BAA4200E4435A /* MovieListVC.swift */,
			);
			path = MovieList;
			sourceTree = "<group>";
		};
		42D9CFBF261BAA8C00E4435A /* MovieListVCExtension */ = {
			isa = PBXGroup;
			children = (
				42E4AC75261C7E97003BADBC /* MovieListVCExtension.swift */,
			);
			path = MovieListVCExtension;
			sourceTree = "<group>";
		};
		42D9CFC0261BAAA300E4435A /* Cell */ = {
			isa = PBXGroup;
			children = (
				42E4AC70261C4398003BADBC /* MovieListCell.swift */,
				42E4AC71261C4398003BADBC /* MovieListCell.xib */,
			);
			path = Cell;
			sourceTree = "<group>";
		};
/* End PBXGroup section */

/* Begin PBXNativeTarget section */
		42D9CF7A261B9FBF00E4435A /* MovieList */ = {
			isa = PBXNativeTarget;
			buildConfigurationList = 42D9CF92261B9FC100E4435A /* Build configuration list for PBXNativeTarget "MovieList" */;
			buildPhases = (
				42D9CF77261B9FBF00E4435A /* Sources */,
				42D9CF78261B9FBF00E4435A /* Frameworks */,
				42D9CF79261B9FBF00E4435A /* Resources */,
			);
			buildRules = (
			);
			dependencies = (
			);
			name = MovieList;
			productName = MovieList;
			productReference = 42D9CF7B261B9FBF00E4435A /* MovieList.app */;
			productType = "com.apple.product-type.application";
		};
/* End PBXNativeTarget section */

/* Begin PBXProject section */
		42D9CF73261B9FBF00E4435A /* Project object */ = {
			isa = PBXProject;
			attributes = {
				LastSwiftUpdateCheck = 1240;
				LastUpgradeCheck = 1240;
				TargetAttributes = {
					42D9CF7A261B9FBF00E4435A = {
						CreatedOnToolsVersion = 12.4;
					};
				};
			};
			buildConfigurationList = 42D9CF76261B9FBF00E4435A /* Build configuration list for PBXProject "MovieList" */;
			compatibilityVersion = "Xcode 9.3";
			developmentRegion = en;
			hasScannedForEncodings = 0;
			knownRegions = (
				en,
				Base,
			);
			mainGroup = 42D9CF72261B9FBF00E4435A;
			productRefGroup = 42D9CF7C261B9FBF00E4435A /* Products */;
			projectDirPath = "";
			projectRoot = "";
			targets = (
				42D9CF7A261B9FBF00E4435A /* MovieList */,
			);
		};
/* End PBXProject section */

/* Begin PBXResourcesBuildPhase section */
		42D9CF79261B9FBF00E4435A /* Resources */ = {
			isa = PBXResourcesBuildPhase;
			buildActionMask = 2147483647;
			files = (
				42D9CF8E261B9FC100E4435A /* LaunchScreen.storyboard in Resources */,
				42D9CF8B261B9FC100E4435A /* Assets.xcassets in Resources */,
				42E4AC73261C4398003BADBC /* MovieListCell.xib in Resources */,
				42D9CF86261B9FBF00E4435A /* Main.storyboard in Resources */,
			);
			runOnlyForDeploymentPostprocessing = 0;
		};
/* End PBXResourcesBuildPhase section */

/* Begin PBXSourcesBuildPhase section */
		42D9CF77261B9FBF00E4435A /* Sources */ = {
			isa = PBXSourcesBuildPhase;
			buildActionMask = 2147483647;
			files = (
				42D9CFB9261BAA4200E4435A /* MovieListVC.swift in Sources */,
				42D9CF7F261B9FBF00E4435A /* AppDelegate.swift in Sources */,
				42D9CF89261B9FBF00E4435A /* MovieList.xcdatamodeld in Sources */,
				42D9CFA6261BA73400E4435A /* ToastView.swift in Sources */,
				42D9CFB6261BA9DA00E4435A /* MovieListModel.swift in Sources */,
				42E4AC76261C7E97003BADBC /* MovieListVCExtension.swift in Sources */,
				42D9CFAA261BA7CE00E4435A /* Reachability.swift in Sources */,
				42D9CF81261B9FBF00E4435A /* SceneDelegate.swift in Sources */,
				42D9CFBC261BAA6C00E4435A /* MovieListViewModel.swift in Sources */,
				42E4AC72261C4398003BADBC /* MovieListCell.swift in Sources */,
			);
			runOnlyForDeploymentPostprocessing = 0;
		};
/* End PBXSourcesBuildPhase section */

/* Begin PBXVariantGroup section */
		42D9CF84261B9FBF00E4435A /* Main.storyboard */ = {
			isa = PBXVariantGroup;
			children = (
				42D9CF85261B9FBF00E4435A /* Base */,
			);
			name = Main.storyboard;
			sourceTree = "<group>";
		};
		42D9CF8C261B9FC100E4435A /* LaunchScreen.storyboard */ = {
			isa = PBXVariantGroup;
			children = (
				42D9CF8D261B9FC100E4435A /* Base */,
			);
			name = LaunchScreen.storyboard;
			sourceTree = "<group>";
		};
/* End PBXVariantGroup section */

/* Begin XCBuildConfiguration section */
		42D9CF90261B9FC100E4435A /* Debug */ = {
			isa = XCBuildConfiguration;
			buildSettings = {
				ALWAYS_SEARCH_USER_PATHS = NO;
				CLANG_ANALYZER_NONNULL = YES;
				CLANG_ANALYZER_NUMBER_OBJECT_CONVERSION = YES_AGGRESSIVE;
				CLANG_CXX_LANGUAGE_STANDARD = "gnu++14";
				CLANG_CXX_LIBRARY = "libc++";
				CLANG_ENABLE_MODULES = YES;
				CLANG_ENABLE_OBJC_ARC = YES;
				CLANG_ENABLE_OBJC_WEAK = YES;
				CLANG_WARN_BLOCK_CAPTURE_AUTORELEASING = YES;
				CLANG_WARN_BOOL_CONVERSION = YES;
				CLANG_WARN_COMMA = YES;
				CLANG_WARN_CONSTANT_CONVERSION = YES;
				CLANG_WARN_DEPRECATED_OBJC_IMPLEMENTATIONS = YES;
				CLANG_WARN_DIRECT_OBJC_ISA_USAGE = YES_ERROR;
				CLANG_WARN_DOCUMENTATION_COMMENTS = YES;
				CLANG_WARN_EMPTY_BODY = YES;
				CLANG_WARN_ENUM_CONVERSION = YES;
				CLANG_WARN_INFINITE_RECURSION = YES;
				CLANG_WARN_INT_CONVERSION = YES;
				CLANG_WARN_NON_LITERAL_NULL_CONVERSION = YES;
				CLANG_WARN_OBJC_IMPLICIT_RETAIN_SELF = YES;
				CLANG_WARN_OBJC_LITERAL_CONVERSION = YES;
				CLANG_WARN_OBJC_ROOT_CLASS = YES_ERROR;
				CLANG_WARN_QUOTED_INCLUDE_IN_FRAMEWORK_HEADER = YES;
				CLANG_WARN_RANGE_LOOP_ANALYSIS = YES;
				CLANG_WARN_STRICT_PROTOTYPES = YES;
				CLANG_WARN_SUSPICIOUS_MOVE = YES;
				CLANG_WARN_UNGUARDED_AVAILABILITY = YES_AGGRESSIVE;
				CLANG_WARN_UNREACHABLE_CODE = YES;
				CLANG_WARN__DUPLICATE_METHOD_MATCH = YES;
				COPY_PHASE_STRIP = NO;
				DEBUG_INFORMATION_FORMAT = dwarf;
				ENABLE_STRICT_OBJC_MSGSEND = YES;
				ENABLE_TESTABILITY = YES;
				GCC_C_LANGUAGE_STANDARD = gnu11;
				GCC_DYNAMIC_NO_PIC = NO;
				GCC_NO_COMMON_BLOCKS = YES;
				GCC_OPTIMIZATION_LEVEL = 0;
				GCC_PREPROCESSOR_DEFINITIONS = (
					"DEBUG=1",
					"$(inherited)",
				);
				GCC_WARN_64_TO_32_BIT_CONVERSION = YES;
				GCC_WARN_ABOUT_RETURN_TYPE = YES_ERROR;
				GCC_WARN_UNDECLARED_SELECTOR = YES;
				GCC_WARN_UNINITIALIZED_AUTOS = YES_AGGRESSIVE;
				GCC_WARN_UNUSED_FUNCTION = YES;
				GCC_WARN_UNUSED_VARIABLE = YES;
				IPHONEOS_DEPLOYMENT_TARGET = 14.4;
				MTL_ENABLE_DEBUG_INFO = INCLUDE_SOURCE;
				MTL_FAST_MATH = YES;
				ONLY_ACTIVE_ARCH = YES;
				SDKROOT = iphoneos;
				SWIFT_ACTIVE_COMPILATION_CONDITIONS = DEBUG;
				SWIFT_OPTIMIZATION_LEVEL = "-Onone";
			};
			name = Debug;
		};
		42D9CF91261B9FC100E4435A /* Release */ = {
			isa = XCBuildConfiguration;
			buildSettings = {
				ALWAYS_SEARCH_USER_PATHS = NO;
				CLANG_ANALYZER_NONNULL = YES;
				CLANG_ANALYZER_NUMBER_OBJECT_CONVERSION = YES_AGGRESSIVE;
				CLANG_CXX_LANGUAGE_STANDARD = "gnu++14";
				CLANG_CXX_LIBRARY = "libc++";
				CLANG_ENABLE_MODULES = YES;
				CLANG_ENABLE_OBJC_ARC = YES;
				CLANG_ENABLE_OBJC_WEAK = YES;
				CLANG_WARN_BLOCK_CAPTURE_AUTORELEASING = YES;
				CLANG_WARN_BOOL_CONVERSION = YES;
				CLANG_WARN_COMMA = YES;
				CLANG_WARN_CONSTANT_CONVERSION = YES;
				CLANG_WARN_DEPRECATED_OBJC_IMPLEMENTATIONS = YES;
				CLANG_WARN_DIRECT_OBJC_ISA_USAGE = YES_ERROR;
				CLANG_WARN_DOCUMENTATION_COMMENTS = YES;
				CLANG_WARN_EMPTY_BODY = YES;
				CLANG_WARN_ENUM_CONVERSION = YES;
				CLANG_WARN_INFINITE_RECURSION = YES;
				CLANG_WARN_INT_CONVERSION = YES;
				CLANG_WARN_NON_LITERAL_NULL_CONVERSION = YES;
				CLANG_WARN_OBJC_IMPLICIT_RETAIN_SELF = YES;
				CLANG_WARN_OBJC_LITERAL_CONVERSION = YES;
				CLANG_WARN_OBJC_ROOT_CLASS = YES_ERROR;
				CLANG_WARN_QUOTED_INCLUDE_IN_FRAMEWORK_HEADER = YES;
				CLANG_WARN_RANGE_LOOP_ANALYSIS = YES;
				CLANG_WARN_STRICT_PROTOTYPES = YES;
				CLANG_WARN_SUSPICIOUS_MOVE = YES;
				CLANG_WARN_UNGUARDED_AVAILABILITY = YES_AGGRESSIVE;
				CLANG_WARN_UNREACHABLE_CODE = YES;
				CLANG_WARN__DUPLICATE_METHOD_MATCH = YES;
				COPY_PHASE_STRIP = NO;
				DEBUG_INFORMATION_FORMAT = "dwarf-with-dsym";
				ENABLE_NS_ASSERTIONS = NO;
				ENABLE_STRICT_OBJC_MSGSEND = YES;
				GCC_C_LANGUAGE_STANDARD = gnu11;
				GCC_NO_COMMON_BLOCKS = YES;
				GCC_WARN_64_TO_32_BIT_CONVERSION = YES;
				GCC_WARN_ABOUT_RETURN_TYPE = YES_ERROR;
				GCC_WARN_UNDECLARED_SELECTOR = YES;
				GCC_WARN_UNINITIALIZED_AUTOS = YES_AGGRESSIVE;
				GCC_WARN_UNUSED_FUNCTION = YES;
				GCC_WARN_UNUSED_VARIABLE = YES;
				IPHONEOS_DEPLOYMENT_TARGET = 14.4;
				MTL_ENABLE_DEBUG_INFO = NO;
				MTL_FAST_MATH = YES;
				SDKROOT = iphoneos;
				SWIFT_COMPILATION_MODE = wholemodule;
				SWIFT_OPTIMIZATION_LEVEL = "-O";
				VALIDATE_PRODUCT = YES;
			};
			name = Release;
		};
		42D9CF93261B9FC100E4435A /* Debug */ = {
			isa = XCBuildConfiguration;
			buildSettings = {
				ASSETCATALOG_COMPILER_APPICON_NAME = AppIcon;
				ASSETCATALOG_COMPILER_GLOBAL_ACCENT_COLOR_NAME = AccentColor;
				CODE_SIGN_STYLE = Automatic;
				INFOPLIST_FILE = MovieList/Info.plist;
				LD_RUNPATH_SEARCH_PATHS = (
					"$(inherited)",
					"@executable_path/Frameworks",
				);
				PRODUCT_BUNDLE_IDENTIFIER = com.ahmed.MovieList;
				PRODUCT_NAME = "$(TARGET_NAME)";
				SWIFT_VERSION = 5.0;
				TARGETED_DEVICE_FAMILY = "1,2";
			};
			name = Debug;
		};
		42D9CF94261B9FC100E4435A /* Release */ = {
			isa = XCBuildConfiguration;
			buildSettings = {
				ASSETCATALOG_COMPILER_APPICON_NAME = AppIcon;
				ASSETCATALOG_COMPILER_GLOBAL_ACCENT_COLOR_NAME = AccentColor;
				CODE_SIGN_STYLE = Automatic;
				INFOPLIST_FILE = MovieList/Info.plist;
				LD_RUNPATH_SEARCH_PATHS = (
					"$(inherited)",
					"@executable_path/Frameworks",
				);
				PRODUCT_BUNDLE_IDENTIFIER = com.ahmed.MovieList;
				PRODUCT_NAME = "$(TARGET_NAME)";
				SWIFT_VERSION = 5.0;
				TARGETED_DEVICE_FAMILY = "1,2";
			};
			name = Release;
		};
/* End XCBuildConfiguration section */

/* Begin XCConfigurationList section */
		42D9CF76261B9FBF00E4435A /* Build configuration list for PBXProject "MovieList" */ = {
			isa = XCConfigurationList;
			buildConfigurations = (
				42D9CF90261B9FC100E4435A /* Debug */,
				42D9CF91261B9FC100E4435A /* Release */,
			);
			defaultConfigurationIsVisible = 0;
			defaultConfigurationName = Release;
		};
		42D9CF92261B9FC100E4435A /* Build configuration list for PBXNativeTarget "MovieList" */ = {
			isa = XCConfigurationList;
			buildConfigurations = (
				42D9CF93261B9FC100E4435A /* Debug */,
				42D9CF94261B9FC100E4435A /* Release */,
			);
			defaultConfigurationIsVisible = 0;
			defaultConfigurationName = Release;
		};
/* End XCConfigurationList section */

/* Begin XCVersionGroup section */
		42D9CF87261B9FBF00E4435A /* MovieList.xcdatamodeld */ = {
			isa = XCVersionGroup;
			children = (
				42D9CF88261B9FBF00E4435A /* MovieList.xcdatamodel */,
			);
			currentVersion = 42D9CF88261B9FBF00E4435A /* MovieList.xcdatamodel */;
			path = MovieList.xcdatamodeld;
			sourceTree = "<group>";
			versionGroupType = wrapper.xcdatamodel;
		};
/* End XCVersionGroup section */
	};
	rootObject = 42D9CF73261B9FBF00E4435A /* Project object */;
}
